// !$*UTF8*$!
{
	archiveVersion = 1;
	classes = {
	};
	objectVersion = 46;
	objects = {

/* Begin PBXBuildFile section */
		6F96CF8E1B8437310014443A /* AppDelegate.swift in Sources */ = {isa = PBXBuildFile; fileRef = 6F96CF8D1B8437310014443A /* AppDelegate.swift */; };
		6F96CF901B8437310014443A /* ViewController.swift in Sources */ = {isa = PBXBuildFile; fileRef = 6F96CF8F1B8437310014443A /* ViewController.swift */; };
		6F96CF931B8437310014443A /* Main.storyboard in Resources */ = {isa = PBXBuildFile; fileRef = 6F96CF911B8437310014443A /* Main.storyboard */; };
		6F96CF951B8437310014443A /* Assets.xcassets in Resources */ = {isa = PBXBuildFile; fileRef = 6F96CF941B8437310014443A /* Assets.xcassets */; };
		6F96CF981B8437310014443A /* LaunchScreen.storyboard in Resources */ = {isa = PBXBuildFile; fileRef = 6F96CF961B8437310014443A /* LaunchScreen.storyboard */; };
/* End PBXBuildFile section */

/* Begin PBXContainerItemProxy section */
		6F96CFA41B8437390014443A /* PBXContainerItemProxy */ = {
			isa = PBXContainerItemProxy;
			containerPortal = 6F96CF9F1B8437390014443A /* Cheetah.xcodeproj */;
			proxyType = 2;
			remoteGlobalIDString = 6F96CF671B8436F80014443A;
			remoteInfo = Cheetah;
		};
		6F96CFA61B8437390014443A /* PBXContainerItemProxy */ = {
			isa = PBXContainerItemProxy;
			containerPortal = 6F96CF9F1B8437390014443A /* Cheetah.xcodeproj */;
			proxyType = 2;
			remoteGlobalIDString = 6F96CF711B8436F80014443A;
			remoteInfo = CheetahTests;
		};
		6F96CFBA1B8468DD0014443A /* PBXContainerItemProxy */ = {
			isa = PBXContainerItemProxy;
			containerPortal = 6F96CF9F1B8437390014443A /* Cheetah.xcodeproj */;
			proxyType = 1;
			remoteGlobalIDString = 6F96CF661B8436F80014443A;
			remoteInfo = Cheetah;
		};
/* End PBXContainerItemProxy section */

/* Begin PBXFileReference section */
		6F96CF8A1B8437310014443A /* CheetahExample.app */ = {isa = PBXFileReference; explicitFileType = wrapper.application; includeInIndex = 0; path = CheetahExample.app; sourceTree = BUILT_PRODUCTS_DIR; };
		6F96CF8D1B8437310014443A /* AppDelegate.swift */ = {isa = PBXFileReference; lastKnownFileType = sourcecode.swift; path = AppDelegate.swift; sourceTree = "<group>"; };
		6F96CF8F1B8437310014443A /* ViewController.swift */ = {isa = PBXFileReference; lastKnownFileType = sourcecode.swift; path = ViewController.swift; sourceTree = "<group>"; };
		6F96CF921B8437310014443A /* Base */ = {isa = PBXFileReference; lastKnownFileType = file.storyboard; name = Base; path = Base.lproj/Main.storyboard; sourceTree = "<group>"; };
		6F96CF941B8437310014443A /* Assets.xcassets */ = {isa = PBXFileReference; lastKnownFileType = folder.assetcatalog; path = Assets.xcassets; sourceTree = "<group>"; };
		6F96CF971B8437310014443A /* Base */ = {isa = PBXFileReference; lastKnownFileType = file.storyboard; name = Base; path = Base.lproj/LaunchScreen.storyboard; sourceTree = "<group>"; };
		6F96CF991B8437310014443A /* Info.plist */ = {isa = PBXFileReference; lastKnownFileType = text.plist.xml; path = Info.plist; sourceTree = "<group>"; };
		6F96CF9F1B8437390014443A /* Cheetah.xcodeproj */ = {isa = PBXFileReference; lastKnownFileType = "wrapper.pb-project"; name = Cheetah.xcodeproj; path = ../Cheetah.xcodeproj; sourceTree = "<group>"; };
/* End PBXFileReference section */

/* Begin PBXFrameworksBuildPhase section */
		6F96CF871B8437310014443A /* Frameworks */ = {
			isa = PBXFrameworksBuildPhase;
			buildActionMask = 2147483647;
			files = (
			);
			runOnlyForDeploymentPostprocessing = 0;
		};
/* End PBXFrameworksBuildPhase section */

/* Begin PBXGroup section */
		6F96CF811B8437310014443A = {
			isa = PBXGroup;
			children = (
				6F96CF8C1B8437310014443A /* CheetahExample */,
				6F96CF8B1B8437310014443A /* Products */,
				6F96CF9F1B8437390014443A /* Cheetah.xcodeproj */,
			);
			sourceTree = "<group>";
		};
		6F96CF8B1B8437310014443A /* Products */ = {
			isa = PBXGroup;
			children = (
				6F96CF8A1B8437310014443A /* CheetahExample.app */,
			);
			name = Products;
			sourceTree = "<group>";
		};
		6F96CF8C1B8437310014443A /* CheetahExample */ = {
			isa = PBXGroup;
			children = (
				6F96CF8D1B8437310014443A /* AppDelegate.swift */,
				6F96CF8F1B8437310014443A /* ViewController.swift */,
				6F96CF911B8437310014443A /* Main.storyboard */,
				6F96CF941B8437310014443A /* Assets.xcassets */,
				6F96CF961B8437310014443A /* LaunchScreen.storyboard */,
				6F96CF991B8437310014443A /* Info.plist */,
			);
			path = CheetahExample;
			sourceTree = "<group>";
		};
		6F96CFA01B8437390014443A /* Products */ = {
			isa = PBXGroup;
			children = (
				6F96CFA51B8437390014443A /* Cheetah.framework */,
				6F96CFA71B8437390014443A /* CheetahTests.xctest */,
			);
			name = Products;
			sourceTree = "<group>";
		};
/* End PBXGroup section */

/* Begin PBXNativeTarget section */
		6F96CF891B8437310014443A /* CheetahExample */ = {
			isa = PBXNativeTarget;
			buildConfigurationList = 6F96CF9C1B8437310014443A /* Build configuration list for PBXNativeTarget "CheetahExample" */;
			buildPhases = (
				6F96CF861B8437310014443A /* Sources */,
				6F96CF871B8437310014443A /* Frameworks */,
				6F96CF881B8437310014443A /* Resources */,
			);
			buildRules = (
			);
			dependencies = (
				6F96CFBB1B8468DD0014443A /* PBXTargetDependency */,
			);
			name = CheetahExample;
			productName = CheetahExample;
			productReference = 6F96CF8A1B8437310014443A /* CheetahExample.app */;
			productType = "com.apple.product-type.application";
		};
/* End PBXNativeTarget section */

/* Begin PBXProject section */
		6F96CF821B8437310014443A /* Project object */ = {
			isa = PBXProject;
			attributes = {
				LastUpgradeCheck = 0700;
				ORGANIZATIONNAME = "Suguru Namura";
				TargetAttributes = {
					6F96CF891B8437310014443A = {
						CreatedOnToolsVersion = 7.0;
						LastSwiftMigration = 0800;
					};
				};
			};
			buildConfigurationList = 6F96CF851B8437310014443A /* Build configuration list for PBXProject "CheetahExample" */;
			compatibilityVersion = "Xcode 3.2";
			developmentRegion = English;
			hasScannedForEncodings = 0;
			knownRegions = (
				en,
				Base,
			);
			mainGroup = 6F96CF811B8437310014443A;
			productRefGroup = 6F96CF8B1B8437310014443A /* Products */;
			projectDirPath = "";
			projectReferences = (
				{
					ProductGroup = 6F96CFA01B8437390014443A /* Products */;
					ProjectRef = 6F96CF9F1B8437390014443A /* Cheetah.xcodeproj */;
				},
			);
			projectRoot = "";
			targets = (
				6F96CF891B8437310014443A /* CheetahExample */,
			);
		};
/* End PBXProject section */

/* Begin PBXReferenceProxy section */
		6F96CFA51B8437390014443A /* Cheetah.framework */ = {
			isa = PBXReferenceProxy;
			fileType = wrapper.framework;
			path = Cheetah.framework;
			remoteRef = 6F96CFA41B8437390014443A /* PBXContainerItemProxy */;
			sourceTree = BUILT_PRODUCTS_DIR;
		};
		6F96CFA71B8437390014443A /* CheetahTests.xctest */ = {
			isa = PBXReferenceProxy;
			fileType = wrapper.cfbundle;
			path = CheetahTests.xctest;
			remoteRef = 6F96CFA61B8437390014443A /* PBXContainerItemProxy */;
			sourceTree = BUILT_PRODUCTS_DIR;
		};
/* End PBXReferenceProxy section */

/* Begin PBXResourcesBuildPhase section */
		6F96CF881B8437310014443A /* Resources */ = {
			isa = PBXResourcesBuildPhase;
			buildActionMask = 2147483647;
			files = (
				6F96CF981B8437310014443A /* LaunchScreen.storyboard in Resources */,
				6F96CF951B8437310014443A /* Assets.xcassets in Resources */,
				6F96CF931B8437310014443A /* Main.storyboard in Resources */,
			);
			runOnlyForDeploymentPostprocessing = 0;
		};
/* End PBXResourcesBuildPhase section */

/* Begin PBXSourcesBuildPhase section */
		6F96CF861B8437310014443A /* Sources */ = {
			isa = PBXSourcesBuildPhase;
			buildActionMask = 2147483647;
			files = (
				6F96CF901B8437310014443A /* ViewController.swift in Sources */,
				6F96CF8E1B8437310014443A /* AppDelegate.swift in Sources */,
			);
			runOnlyForDeploymentPostprocessing = 0;
		};
/* End PBXSourcesBuildPhase section */

/* Begin PBXTargetDependency section */
		6F96CFBB1B8468DD0014443A /* PBXTargetDependency */ = {
			isa = PBXTargetDependency;
			name = Cheetah;
			targetProxy = 6F96CFBA1B8468DD0014443A /* PBXContainerItemProxy */;
		};
/* End PBXTargetDependency section */

/* Begin PBXVariantGroup section */
		6F96CF911B8437310014443A /* Main.storyboard */ = {
			isa = PBXVariantGroup;
			children = (
				6F96CF921B8437310014443A /* Base */,
			);
			name = Main.storyboard;
			sourceTree = "<group>";
		};
		6F96CF961B8437310014443A /* LaunchScreen.storyboard */ = {
			isa = PBXVariantGroup;
			children = (
				6F96CF971B8437310014443A /* Base */,
			);
			name = LaunchScreen.storyboard;
			sourceTree = "<group>";
		};
/* End PBXVariantGroup section */

/* Begin XCBuildConfiguration section */
		6F96CF9A1B8437310014443A /* Debug */ = {
			isa = XCBuildConfiguration;
			buildSettings = {
				ALWAYS_SEARCH_USER_PATHS = NO;
				CLANG_CXX_LANGUAGE_STANDARD = "gnu++0x";
				CLANG_CXX_LIBRARY = "libc++";
				CLANG_ENABLE_MODULES = YES;
				CLANG_ENABLE_OBJC_ARC = YES;
				CLANG_WARN_BOOL_CONVERSION = YES;
				CLANG_WARN_CONSTANT_CONVERSION = YES;
				CLANG_WARN_DIRECT_OBJC_ISA_USAGE = YES_ERROR;
				CLANG_WARN_EMPTY_BODY = YES;
				CLANG_WARN_ENUM_CONVERSION = YES;
				CLANG_WARN_INT_CONVERSION = YES;
				CLANG_WARN_OBJC_ROOT_CLASS = YES_ERROR;
				CLANG_WARN_UNREACHABLE_CODE = YES;
				CLANG_WARN__DUPLICATE_METHOD_MATCH = YES;
				"CODE_SIGN_IDENTITY[sdk=iphoneos*]" = "iPhone Developer";
				COPY_PHASE_STRIP = NO;
				DEBUG_INFORMATION_FORMAT = dwarf;
				ENABLE_STRICT_OBJC_MSGSEND = YES;
				ENABLE_TESTABILITY = YES;
				GCC_C_LANGUAGE_STANDARD = gnu99;
				GCC_DYNAMIC_NO_PIC = NO;
				GCC_NO_COMMON_BLOCKS = YES;
				GCC_OPTIMIZATION_LEVEL = 0;
				GCC_PREPROCESSOR_DEFINITIONS = (
					"DEBUG=1",
					"$(inherited)",
				);
				GCC_WARN_64_TO_32_BIT_CONVERSION = YES;
				GCC_WARN_ABOUT_RETURN_TYPE = YES_ERROR;
				GCC_WARN_UNDECLARED_SELECTOR = YES;
				GCC_WARN_UNINITIALIZED_AUTOS = YES_AGGRESSIVE;
				GCC_WARN_UNUSED_FUNCTION = YES;
				GCC_WARN_UNUSED_VARIABLE = YES;
				IPHONEOS_DEPLOYMENT_TARGET = 9.0;
				MTL_ENABLE_DEBUG_INFO = YES;
				ONLY_ACTIVE_ARCH = YES;
				SDKROOT = iphoneos;
				SWIFT_OPTIMIZATION_LEVEL = "-Onone";
				TARGETED_DEVICE_FAMILY = "1,2";
			};
			name = Debug;
		};
		6F96CF9B1B8437310014443A /* Release */ = {
			isa = XCBuildConfiguration;
			buildSettings = {
				ALWAYS_SEARCH_USER_PATHS = NO;
				CLANG_CXX_LANGUAGE_STANDARD = "gnu++0x";
				CLANG_CXX_LIBRARY = "libc++";
				CLANG_ENABLE_MODULES = YES;
				CLANG_ENABLE_OBJC_ARC = YES;
				CLANG_WARN_BOOL_CONVERSION = YES;
				CLANG_WARN_CONSTANT_CONVERSION = YES;
				CLANG_WARN_DIRECT_OBJC_ISA_USAGE = YES_ERROR;
				CLANG_WARN_EMPTY_BODY = YES;
				CLANG_WARN_ENUM_CONVERSION = YES;
				CLANG_WARN_INT_CONVERSION = YES;
				CLANG_WARN_OBJC_ROOT_CLASS = YES_ERROR;
				CLANG_WARN_UNREACHABLE_CODE = YES;
				CLANG_WARN__DUPLICATE_METHOD_MATCH = YES;
				"CODE_SIGN_IDENTITY[sdk=iphoneos*]" = "iPhone Developer";
				COPY_PHASE_STRIP = NO;
				DEBUG_INFORMATION_FORMAT = "dwarf-with-dsym";
				ENABLE_NS_ASSERTIONS = NO;
				ENABLE_STRICT_OBJC_MSGSEND = YES;
				GCC_C_LANGUAGE_STANDARD = gnu99;
				GCC_NO_COMMON_BLOCKS = YES;
				GCC_WARN_64_TO_32_BIT_CONVERSION = YES;
				GCC_WARN_ABOUT_RETURN_TYPE = YES_ERROR;
				GCC_WARN_UNDECLARED_SELECTOR = YES;
				GCC_WARN_UNINITIALIZED_AUTOS = YES_AGGRESSIVE;
				GCC_WARN_UNUSED_FUNCTION = YES;
				GCC_WARN_UNUSED_VARIABLE = YES;
				IPHONEOS_DEPLOYMENT_TARGET = 9.0;
				MTL_ENABLE_DEBUG_INFO = NO;
				SDKROOT = iphoneos;
				TARGETED_DEVICE_FAMILY = "1,2";
				VALIDATE_PRODUCT = YES;
			};
			name = Release;
		};
		6F96CF9D1B8437310014443A /* Debug */ = {
			isa = XCBuildConfiguration;
			buildSettings = {
				ASSETCATALOG_COMPILER_APPICON_NAME = AppIcon;
				INFOPLIST_FILE = CheetahExample/Info.plist;
				LD_RUNPATH_SEARCH_PATHS = "$(inherited) @executable_path/Frameworks";
				PRODUCT_BUNDLE_IDENTIFIER = io.github.suguru.CheetahExample;
				PRODUCT_NAME = "$(TARGET_NAME)";
				SWIFT_VERSION = 3.0;
			};
			name = Debug;
		};
		6F96CF9E1B8437310014443A /* Release */ = {
			isa = XCBuildConfiguration;
			buildSettings = {
				ASSETCATALOG_COMPILER_APPICON_NAME = AppIcon;
				INFOPLIST_FILE = CheetahExample/Info.plist;
				LD_RUNPATH_SEARCH_PATHS = "$(inherited) @executable_path/Frameworks";
				PRODUCT_BUNDLE_IDENTIFIER = io.github.suguru.CheetahExample;
				PRODUCT_NAME = "$(TARGET_NAME)";
				SWIFT_VERSION = 3.0;
			};
			name = Release;
		};
/* End XCBuildConfiguration section */

/* Begin XCConfigurationList section */
		6F96CF851B8437310014443A /* Build configuration list for PBXProject "CheetahExample" */ = {
			isa = XCConfigurationList;
			buildConfigurations = (
				6F96CF9A1B8437310014443A /* Debug */,
				6F96CF9B1B8437310014443A /* Release */,
			);
			defaultConfigurationIsVisible = 0;
			defaultConfigurationName = Release;
		};
		6F96CF9C1B8437310014443A /* Build configuration list for PBXNativeTarget "CheetahExample" */ = {
			isa = XCConfigurationList;
			buildConfigurations = (
				6F96CF9D1B8437310014443A /* Debug */,
				6F96CF9E1B8437310014443A /* Release */,
			);
			defaultConfigurationIsVisible = 0;
			defaultConfigurationName = Release;
		};
/* End XCConfigurationList section */
	};
	rootObject = 6F96CF821B8437310014443A /* Project object */;
}
